
Microsoft Visual Studio Solution File, Format Version 12.00
# Visual Studio 15
VisualStudioVersion = 15.0.28307.572
MinimumVisualStudioVersion = 10.0.40219.1
Project("{FAE04EC0-301F-11D3-BF4B-00C04F79EFBC}") = "ParentingNotes_Api", "ParentingNotes_Api\ParentingNotes_Api.csproj", "{C7698362-F27F-4947-A695-B5BBE98180D6}"
EndProject
Global
	GlobalSection(SolutionConfigurationPlatforms) = preSolution
		Debug|Any CPU = Debug|Any CPU
		Release|Any CPU = Release|Any CPU
	EndGlobalSection
	GlobalSection(ProjectConfigurationPlatforms) = postSolution
		{C7698362-F27F-4947-A695-B5BBE98180D6}.Debug|Any CPU.ActiveCfg = Debug|Any CPU
		{C7698362-F27F-4947-A695-B5BBE98180D6}.Debug|Any CPU.Build.0 = Debug|Any CPU
		{C7698362-F27F-4947-A695-B5BBE98180D6}.Release|Any CPU.ActiveCfg = Release|Any CPU
		{C7698362-F27F-4947-A695-B5BBE98180D6}.Release|Any CPU.Build.0 = Release|Any CPU
	EndGlobalSection
	GlobalSection(SolutionProperties) = preSolution
		HideSolutionNode = FALSE
	EndGlobalSection
	GlobalSection(ExtensibilityGlobals) = postSolution
		SolutionGuid = {263D622A-9596-4372-988B-68A82A3BD229}
	EndGlobalSection
EndGlobal
